
Microsoft Visual Studio Solution File, Format Version 12.00
# Visual Studio Version 17
VisualStudioVersion = 17.5.33530.505
MinimumVisualStudioVersion = 10.0.40219.1
Project("{8BC9CEB8-8B4A-11D0-8D11-00A0C91BC942}") = "DriveAndAvoid", "DriveAndAvoid\DriveAndAvoid.vcxproj", "{99E78671-4E47-4720-951E-BB3D5B4BF335}"
EndProject
Global
	GlobalSection(SolutionConfigurationPlatforms) = preSolution
		Debug|x64 = Debug|x64
		Debug|x86 = Debug|x86
		Release|x64 = Release|x64
		Release|x86 = Release|x86
	EndGlobalSection
	GlobalSection(ProjectConfigurationPlatforms) = postSolution
		{99E78671-4E47-4720-951E-BB3D5B4BF335}.Debug|x64.ActiveCfg = Debug|x64
		{99E78671-4E47-4720-951E-BB3D5B4BF335}.Debug|x64.Build.0 = Debug|x64
		{99E78671-4E47-4720-951E-BB3D5B4BF335}.Debug|x86.ActiveCfg = Debug|Win32
		{99E78671-4E47-4720-951E-BB3D5B4BF335}.Debug|x86.Build.0 = Debug|Win32
		{99E78671-4E47-4720-951E-BB3D5B4BF335}.Release|x64.ActiveCfg = Release|x64
		{99E78671-4E47-4720-951E-BB3D5B4BF335}.Release|x64.Build.0 = Release|x64
		{99E78671-4E47-4720-951E-BB3D5B4BF335}.Release|x86.ActiveCfg = Release|Win32
		{99E78671-4E47-4720-951E-BB3D5B4BF335}.Release|x86.Build.0 = Release|Win32
	EndGlobalSection
	GlobalSection(SolutionProperties) = preSolution
		HideSolutionNode = FALSE
	EndGlobalSection
	GlobalSection(ExtensibilityGlobals) = postSolution
		SolutionGuid = {D40DD523-79C2-47AF-974F-D161C24CA7D1}
	EndGlobalSection
EndGlobal
